{
  "version": "3",
  "packages": {
    "specifiers": {
      "jsr:@std/assert@^1.0.5": "jsr:@std/assert@1.0.6",
      "jsr:@std/assert@^1.0.6": "jsr:@std/assert@1.0.6",
      "jsr:@std/cli@^1.0.6": "jsr:@std/cli@1.0.6",
      "jsr:@std/collections@^1.0.7": "jsr:@std/collections@1.0.8",
      "jsr:@std/crypto@^1.0.3": "jsr:@std/crypto@1.0.3",
      "jsr:@std/data-structures@^1.0.4": "jsr:@std/data-structures@1.0.4",
      "jsr:@std/fs@^1.0.4": "jsr:@std/fs@1.0.4",
      "jsr:@std/internal@^1.0.4": "jsr:@std/internal@1.0.4",
      "jsr:@std/media-types@^1.0.3": "jsr:@std/media-types@1.0.3",
      "jsr:@std/path@^1.0.6": "jsr:@std/path@1.0.6",
      "jsr:@std/random@^0.1.0": "jsr:@std/random@0.1.0",
      "jsr:@std/testing@^1.0.3": "jsr:@std/testing@1.0.3",
      "jsr:@std/yaml@^1.0.5": "jsr:@std/yaml@1.0.5",
      "npm:@atproto/api@^0.13.11": "npm:@atproto/api@0.13.11",
      "npm:@biomejs/biome": "npm:@biomejs/biome@1.9.3",
      "npm:multiformats@^13.3.0": "npm:multiformats@13.3.0"
    },
    "jsr": {
      "@std/assert@1.0.6": {
        "integrity": "1904c05806a25d94fe791d6d883b685c9e2dcd60e4f9fc30f4fc5cf010c72207",
        "dependencies": [
          "jsr:@std/internal@^1.0.4"
        ]
      },
      "@std/cli@1.0.6": {
        "integrity": "d22d8b38c66c666d7ad1f2a66c5b122da1704f985d3c47f01129f05abb6c5d3d"
      },
      "@std/collections@1.0.8": {
        "integrity": "de76692f9121838711b1d2fb5042619c074db26905a87b58cff56cfe1bd6d6d0"
      },
      "@std/crypto@1.0.3": {
        "integrity": "a2a32f51ddef632d299e3879cd027c630dcd4d1d9a5285d6e6788072f4e51e7f"
      },
      "@std/data-structures@1.0.4": {
        "integrity": "fa0e20c11eb9ba673417450915c750a0001405a784e2a4e0c3725031681684a0"
      },
      "@std/fs@1.0.4": {
        "integrity": "2907d32d8d1d9e540588fd5fe0ec21ee638134bd51df327ad4e443aaef07123c",
        "dependencies": [
          "jsr:@std/path@^1.0.6"
        ]
      },
      "@std/internal@1.0.4": {
        "integrity": "62e8e4911527e5e4f307741a795c0b0a9e6958d0b3790716ae71ce085f755422"
      },
      "@std/media-types@1.0.3": {
        "integrity": "b12d30a7852f7578f4d210622df713bbfd1cbdd9b4ec2eaf5c1845ab70bab159"
      },
      "@std/path@1.0.6": {
        "integrity": "ab2c55f902b380cf28e0eec501b4906e4c1960d13f00e11cfbcd21de15f18fed"
      },
      "@std/random@0.1.0": {
        "integrity": "70a006be0ffb77d036bab54aa8ae6bd0119ba77ace0f2f56f63273d4262a5667"
      },
      "@std/testing@1.0.3": {
        "integrity": "f98c2bee53860a5916727d7e7d3abe920dd6f9edace022e2d059f00d05c2cf42",
        "dependencies": [
          "jsr:@std/assert@^1.0.6",
          "jsr:@std/data-structures@^1.0.4",
          "jsr:@std/fs@^1.0.4",
          "jsr:@std/internal@^1.0.4",
          "jsr:@std/path@^1.0.6"
        ]
      },
      "@std/yaml@1.0.5": {
        "integrity": "71ba3d334305ee2149391931508b2c293a8490f94a337eef3a09cade1a2a2742"
      }
    },
    "npm": {
      "@atproto/api@0.13.11": {
        "integrity": "sha512-YW+4WzZEGGj/SDYo9w+S2PkSaeSS+8Dosk21GFm4EFYq1eq7G0cxuMgvdcq6fov7f9zqsaTFQL2fA6cAgMA0ow==",
        "dependencies": {
          "@atproto/common-web": "@atproto/common-web@0.3.1",
          "@atproto/lexicon": "@atproto/lexicon@0.4.2",
          "@atproto/syntax": "@atproto/syntax@0.3.0",
          "@atproto/xrpc": "@atproto/xrpc@0.6.3",
          "await-lock": "await-lock@2.2.2",
          "multiformats": "multiformats@9.9.0",
          "tlds": "tlds@1.255.0",
          "zod": "zod@3.23.8"
        }
      },
      "@atproto/common-web@0.3.1": {
        "integrity": "sha512-N7wiTnus5vAr+lT//0y8m/FaHHLJ9LpGuEwkwDAeV3LCiPif4m/FS8x/QOYrx1PdZQwKso95RAPzCGWQBH5j6Q==",
        "dependencies": {
          "graphemer": "graphemer@1.4.0",
          "multiformats": "multiformats@9.9.0",
          "uint8arrays": "uint8arrays@3.0.0",
          "zod": "zod@3.23.8"
        }
      },
      "@atproto/lexicon@0.4.2": {
        "integrity": "sha512-CXoOkhcdF3XVUnR2oNgCs2ljWfo/8zUjxL5RIhJW/UNLp/FSl+KpF8Jm5fbk8Y/XXVPGRAsv9OYfxyU/14N/pw==",
        "dependencies": {
          "@atproto/common-web": "@atproto/common-web@0.3.1",
          "@atproto/syntax": "@atproto/syntax@0.3.0",
          "iso-datestring-validator": "iso-datestring-validator@2.2.2",
          "multiformats": "multiformats@9.9.0",
          "zod": "zod@3.23.8"
        }
      },
      "@atproto/syntax@0.3.0": {
        "integrity": "sha512-Weq0ZBxffGHDXHl9U7BQc2BFJi/e23AL+k+i5+D9hUq/bzT4yjGsrCejkjq0xt82xXDjmhhvQSZ0LqxyZ5woxA==",
        "dependencies": {}
      },
      "@atproto/xrpc@0.6.3": {
        "integrity": "sha512-S3tRvOdA9amPkKLll3rc4vphlDitLrkN5TwWh5Tu/jzk7mnobVVE3akYgICV9XCNHKjWM+IAPxFFI2qi+VW6nQ==",
        "dependencies": {
          "@atproto/lexicon": "@atproto/lexicon@0.4.2",
          "zod": "zod@3.23.8"
        }
      },
      "@biomejs/biome@1.9.3": {
        "integrity": "sha512-POjAPz0APAmX33WOQFGQrwLvlu7WLV4CFJMlB12b6ZSg+2q6fYu9kZwLCOA+x83zXfcPd1RpuWOKJW0GbBwLIQ==",
        "dependencies": {
          "@biomejs/cli-darwin-arm64": "@biomejs/cli-darwin-arm64@1.9.3",
          "@biomejs/cli-darwin-x64": "@biomejs/cli-darwin-x64@1.9.3",
          "@biomejs/cli-linux-arm64": "@biomejs/cli-linux-arm64@1.9.3",
          "@biomejs/cli-linux-arm64-musl": "@biomejs/cli-linux-arm64-musl@1.9.3",
          "@biomejs/cli-linux-x64": "@biomejs/cli-linux-x64@1.9.3",
          "@biomejs/cli-linux-x64-musl": "@biomejs/cli-linux-x64-musl@1.9.3",
          "@biomejs/cli-win32-arm64": "@biomejs/cli-win32-arm64@1.9.3",
          "@biomejs/cli-win32-x64": "@biomejs/cli-win32-x64@1.9.3"
        }
      },
      "@biomejs/cli-darwin-arm64@1.9.3": {
        "integrity": "sha512-QZzD2XrjJDUyIZK+aR2i5DDxCJfdwiYbUKu9GzkCUJpL78uSelAHAPy7m0GuPMVtF/Uo+OKv97W3P9nuWZangQ==",
        "dependencies": {}
      },
      "@biomejs/cli-darwin-x64@1.9.3": {
        "integrity": "sha512-vSCoIBJE0BN3SWDFuAY/tRavpUtNoqiceJ5PrU3xDfsLcm/U6N93JSM0M9OAiC/X7mPPfejtr6Yc9vSgWlEgVw==",
        "dependencies": {}
      },
      "@biomejs/cli-linux-arm64-musl@1.9.3": {
        "integrity": "sha512-VBzyhaqqqwP3bAkkBrhVq50i3Uj9+RWuj+pYmXrMDgjS5+SKYGE56BwNw4l8hR3SmYbLSbEo15GcV043CDSk+Q==",
        "dependencies": {}
      },
      "@biomejs/cli-linux-arm64@1.9.3": {
        "integrity": "sha512-vJkAimD2+sVviNTbaWOGqEBy31cW0ZB52KtpVIbkuma7PlfII3tsLhFa+cwbRAcRBkobBBhqZ06hXoZAN8NODQ==",
        "dependencies": {}
      },
      "@biomejs/cli-linux-x64-musl@1.9.3": {
        "integrity": "sha512-TJmnOG2+NOGM72mlczEsNki9UT+XAsMFAOo8J0me/N47EJ/vkLXxf481evfHLlxMejTY6IN8SdRSiPVLv6AHlA==",
        "dependencies": {}
      },
      "@biomejs/cli-linux-x64@1.9.3": {
        "integrity": "sha512-x220V4c+romd26Mu1ptU+EudMXVS4xmzKxPVb9mgnfYlN4Yx9vD5NZraSx/onJnd3Gh/y8iPUdU5CDZJKg9COA==",
        "dependencies": {}
      },
      "@biomejs/cli-win32-arm64@1.9.3": {
        "integrity": "sha512-lg/yZis2HdQGsycUvHWSzo9kOvnGgvtrYRgoCEwPBwwAL8/6crOp3+f47tPwI/LI1dZrhSji7PNsGKGHbwyAhw==",
        "dependencies": {}
      },
      "@biomejs/cli-win32-x64@1.9.3": {
        "integrity": "sha512-cQMy2zanBkVLpmmxXdK6YePzmZx0s5Z7KEnwmrW54rcXK3myCNbQa09SwGZ8i/8sLw0H9F3X7K4rxVNGU8/D4Q==",
        "dependencies": {}
      },
      "await-lock@2.2.2": {
        "integrity": "sha512-aDczADvlvTGajTDjcjpJMqRkOF6Qdz3YbPZm/PyW6tKPkx2hlYBzxMhEywM/tU72HrVZjgl5VCdRuMlA7pZ8Gw==",
        "dependencies": {}
      },
      "graphemer@1.4.0": {
        "integrity": "sha512-EtKwoO6kxCL9WO5xipiHTZlSzBm7WLT627TqC/uVRd0HKmq8NXyebnNYxDoBi7wt8eTWrUrKXCOVaFq9x1kgag==",
        "dependencies": {}
      },
      "iso-datestring-validator@2.2.2": {
        "integrity": "sha512-yLEMkBbLZTlVQqOnQ4FiMujR6T4DEcCb1xizmvXS+OxuhwcbtynoosRzdMA69zZCShCNAbi+gJ71FxZBBXx1SA==",
        "dependencies": {}
      },
      "multiformats@13.3.0": {
        "integrity": "sha512-CBiqvsufgmpo01VT5ze94O+uc+Pbf6f/sThlvWss0sBZmAOu6GQn5usrYV2sf2mr17FWYc0rO8c/CNe2T90QAA==",
        "dependencies": {}
      },
      "multiformats@9.9.0": {
        "integrity": "sha512-HoMUjhH9T8DDBNT+6xzkrd9ga/XiBI4xLr58LJACwK6G3HTOPeMz4nB4KJs33L2BelrIJa7P0VuNaVF3hMYfjg==",
        "dependencies": {}
      },
      "tlds@1.255.0": {
        "integrity": "sha512-tcwMRIioTcF/FcxLev8MJWxCp+GUALRhFEqbDoZrnowmKSGqPrl5pqS+Sut2m8BgJ6S4FExCSSpGffZ0Tks6Aw==",
        "dependencies": {}
      },
      "uint8arrays@3.0.0": {
        "integrity": "sha512-HRCx0q6O9Bfbp+HHSfQQKD7wU70+lydKVt4EghkdOvlK/NlrF90z+eXV34mUd48rNvVJXwkrMSPpCATkct8fJA==",
        "dependencies": {
          "multiformats": "multiformats@9.9.0"
        }
      },
      "zod@3.23.8": {
        "integrity": "sha512-XBx9AXhXktjUqnepgTiE5flcKIYWi/rme0Eaj+5Y0lftuGBq+jyRu/md4WnuxqgP1ubdpNCsYEYPxrzVHD8d6g==",
        "dependencies": {}
      }
    }
  },
  "remote": {},
  "workspace": {
    "dependencies": [
      "jsr:@std/assert@^1.0.5",
      "jsr:@std/cli@^1.0.6",
      "jsr:@std/collections@^1.0.7",
      "jsr:@std/crypto@^1.0.3",
      "jsr:@std/media-types@^1.0.3",
      "jsr:@std/random@^0.1.0",
      "jsr:@std/testing@^1.0.3",
      "jsr:@std/yaml@^1.0.5",
      "npm:@atproto/api@^0.13.11",
      "npm:multiformats@^13.3.0"
    ]
  }
}
