{
  "name": "autophoto",
  "lockfileVersion": 3,
  "requires": true,
  "packages": {
    "": {
      "dependencies": {
        "@radashi-org/radashi": "npm:@jsr/radashi-org__radashi@^12.2.0-beta.649f0d1"
      }
    },
    "node_modules/@radashi-org/radashi": {
      "name": "@jsr/radashi-org__radashi",
      "version": "12.2.0-beta.649f0d1",
      "resolved": "https://npm.jsr.io/~/11/@jsr/radashi-org__radashi/12.2.0-beta.649f0d1.tgz",
      "integrity": "sha512-a2bLw6Vr9exAUqogPcWcXAbKAjRrRCqASMKeaizrAcO685db60c7DMkwvz8RiaSnIgCzNleP71MdoYxm2KF4hw=="
    }
  }
}
